
Microsoft Visual Studio Solution File, Format Version 12.00
# Visual Studio Version 17
VisualStudioVersion = 17.5.002.0
MinimumVisualStudioVersion = 10.0.40219.1
Project("{9A19103F-16F7-4668-BE54-9A1E7A4F7556}") = "API", "API\API.csproj", "{9CB98E32-CC78-4518-8203-7BF8A6170DE9}"
EndProject
Global
	GlobalSection(SolutionConfigurationPlatforms) = preSolution
		Debug|Any CPU = Debug|Any CPU
		Release|Any CPU = Release|Any CPU
	EndGlobalSection
	GlobalSection(ProjectConfigurationPlatforms) = postSolution
		{9CB98E32-CC78-4518-8203-7BF8A6170DE9}.Debug|Any CPU.ActiveCfg = Debug|Any CPU
		{9CB98E32-CC78-4518-8203-7BF8A6170DE9}.Debug|Any CPU.Build.0 = Debug|Any CPU
		{9CB98E32-CC78-4518-8203-7BF8A6170DE9}.Release|Any CPU.ActiveCfg = Release|Any CPU
		{9CB98E32-CC78-4518-8203-7BF8A6170DE9}.Release|Any CPU.Build.0 = Release|Any CPU
	EndGlobalSection
	GlobalSection(SolutionProperties) = preSolution
		HideSolutionNode = FALSE
	EndGlobalSection
	GlobalSection(ExtensibilityGlobals) = postSolution
		SolutionGuid = {FAD2E341-21F6-4916-8313-8CDD165BAEB5}
	EndGlobalSection
EndGlobal
